
Microsoft Visual Studio Solution File, Format Version 12.00
# Visual Studio Version 17
VisualStudioVersion = 17.5.33530.505
MinimumVisualStudioVersion = 10.0.40219.1
Project("{FAE04EC0-301F-11D3-BF4B-00C04F79EFBC}") = "MinimalApiExcercises", "MinimalApiExcercises\MinimalApiExcercises.csproj", "{33E5D118-B7AA-40DD-AAD0-7AD9B2621680}"
EndProject
Global
	GlobalSection(SolutionConfigurationPlatforms) = preSolution
		Debug|Any CPU = Debug|Any CPU
		Release|Any CPU = Release|Any CPU
	EndGlobalSection
	GlobalSection(ProjectConfigurationPlatforms) = postSolution
		{33E5D118-B7AA-40DD-AAD0-7AD9B2621680}.Debug|Any CPU.ActiveCfg = Debug|Any CPU
		{33E5D118-B7AA-40DD-AAD0-7AD9B2621680}.Debug|Any CPU.Build.0 = Debug|Any CPU
		{33E5D118-B7AA-40DD-AAD0-7AD9B2621680}.Release|Any CPU.ActiveCfg = Release|Any CPU
		{33E5D118-B7AA-40DD-AAD0-7AD9B2621680}.Release|Any CPU.Build.0 = Release|Any CPU
	EndGlobalSection
	GlobalSection(SolutionProperties) = preSolution
		HideSolutionNode = FALSE
	EndGlobalSection
	GlobalSection(ExtensibilityGlobals) = postSolution
		SolutionGuid = {1B06BCCE-CB2F-4943-A74F-F542C5C2846E}
	EndGlobalSection
EndGlobal
