
Microsoft Visual Studio Solution File, Format Version 12.00
# Visual Studio Version 17
VisualStudioVersion = 17.5.33530.505
MinimumVisualStudioVersion = 10.0.40219.1
Project("{9A19103F-16F7-4668-BE54-9A1E7A4F7556}") = "MinimalApiExcercises", "MinimalApiExcercises\MinimalApiExcercises.csproj", "{33E5D118-B7AA-40DD-AAD0-7AD9B2621680}"
EndProject
Project("{2150E333-8FDC-42A3-9474-1A3956D46DE8}") = "Solution Items", "Solution Items", "{4616DDBF-9F10-485E-82A8-12DE9F2E4A38}"
	ProjectSection(SolutionItems) = preProject
		README.md = README.md
	EndProjectSection
EndProject
Project("{FAE04EC0-301F-11D3-BF4B-00C04F79EFBC}") = "MinimalApi.Tests", "MinimalApi.Tests\MinimalApi.Tests.csproj", "{3D2FC6F5-4397-4666-B184-165996FB190B}"
EndProject
Global
	GlobalSection(SolutionConfigurationPlatforms) = preSolution
		Debug|Any CPU = Debug|Any CPU
		Release|Any CPU = Release|Any CPU
	EndGlobalSection
	GlobalSection(ProjectConfigurationPlatforms) = postSolution
		{33E5D118-B7AA-40DD-AAD0-7AD9B2621680}.Debug|Any CPU.ActiveCfg = Debug|Any CPU
		{33E5D118-B7AA-40DD-AAD0-7AD9B2621680}.Debug|Any CPU.Build.0 = Debug|Any CPU
		{33E5D118-B7AA-40DD-AAD0-7AD9B2621680}.Release|Any CPU.ActiveCfg = Release|Any CPU
		{33E5D118-B7AA-40DD-AAD0-7AD9B2621680}.Release|Any CPU.Build.0 = Release|Any CPU
		{3D2FC6F5-4397-4666-B184-165996FB190B}.Debug|Any CPU.ActiveCfg = Debug|Any CPU
		{3D2FC6F5-4397-4666-B184-165996FB190B}.Debug|Any CPU.Build.0 = Debug|Any CPU
		{3D2FC6F5-4397-4666-B184-165996FB190B}.Release|Any CPU.ActiveCfg = Release|Any CPU
		{3D2FC6F5-4397-4666-B184-165996FB190B}.Release|Any CPU.Build.0 = Release|Any CPU
	EndGlobalSection
	GlobalSection(SolutionProperties) = preSolution
		HideSolutionNode = FALSE
	EndGlobalSection
	GlobalSection(ExtensibilityGlobals) = postSolution
		SolutionGuid = {1B06BCCE-CB2F-4943-A74F-F542C5C2846E}
	EndGlobalSection
EndGlobal
